
Microsoft Visual Studio Solution File, Format Version 12.00
# Visual Studio Version 17
VisualStudioVersion = 17.10.35027.167
MinimumVisualStudioVersion = 10.0.40219.1
Project("{FAE04EC0-301F-11D3-BF4B-00C04F79EFBC}") = "Visus.VcpkgCache", "Visus.VcpkgCache\Visus.VcpkgCache.csproj", "{3AC48BE9-36F2-47C3-A0E5-E751F2B30A7B}"
EndProject
Global
	GlobalSection(SolutionConfigurationPlatforms) = preSolution
		Debug|Any CPU = Debug|Any CPU
		Release|Any CPU = Release|Any CPU
	EndGlobalSection
	GlobalSection(ProjectConfigurationPlatforms) = postSolution
		{3AC48BE9-36F2-47C3-A0E5-E751F2B30A7B}.Debug|Any CPU.ActiveCfg = Debug|Any CPU
		{3AC48BE9-36F2-47C3-A0E5-E751F2B30A7B}.Debug|Any CPU.Build.0 = Debug|Any CPU
		{3AC48BE9-36F2-47C3-A0E5-E751F2B30A7B}.Release|Any CPU.ActiveCfg = Release|Any CPU
		{3AC48BE9-36F2-47C3-A0E5-E751F2B30A7B}.Release|Any CPU.Build.0 = Release|Any CPU
	EndGlobalSection
	GlobalSection(SolutionProperties) = preSolution
		HideSolutionNode = FALSE
	EndGlobalSection
	GlobalSection(ExtensibilityGlobals) = postSolution
		SolutionGuid = {F177C53F-2D66-4DC7-B248-57C6535DEFFF}
	EndGlobalSection
EndGlobal
